
Microsoft Visual Studio Solution File, Format Version 12.00
# Visual Studio Version 17
VisualStudioVersion = 17.3.32804.467
MinimumVisualStudioVersion = 10.0.40219.1
Project("{FAE04EC0-301F-11D3-BF4B-00C04F79EFBC}") = "Exercise18", "Exercise18\Exercise18.csproj", "{2F041AF8-EFCF-48E7-88B6-D3839226E2DB}"
EndProject
Global
	GlobalSection(SolutionConfigurationPlatforms) = preSolution
		Debug|Any CPU = Debug|Any CPU
		Release|Any CPU = Release|Any CPU
	EndGlobalSection
	GlobalSection(ProjectConfigurationPlatforms) = postSolution
		{2F041AF8-EFCF-48E7-88B6-D3839226E2DB}.Debug|Any CPU.ActiveCfg = Debug|Any CPU
		{2F041AF8-EFCF-48E7-88B6-D3839226E2DB}.Debug|Any CPU.Build.0 = Debug|Any CPU
		{2F041AF8-EFCF-48E7-88B6-D3839226E2DB}.Release|Any CPU.ActiveCfg = Release|Any CPU
		{2F041AF8-EFCF-48E7-88B6-D3839226E2DB}.Release|Any CPU.Build.0 = Release|Any CPU
	EndGlobalSection
	GlobalSection(SolutionProperties) = preSolution
		HideSolutionNode = FALSE
	EndGlobalSection
	GlobalSection(ExtensibilityGlobals) = postSolution
		SolutionGuid = {6613A8DC-0771-4726-A86C-28BC484E4318}
	EndGlobalSection
EndGlobal
